
Microsoft Visual Studio Solution File, Format Version 12.00
# Visual Studio Version 17
VisualStudioVersion = 17.7.34202.233
MinimumVisualStudioVersion = 10.0.40219.1
Project("{FAE04EC0-301F-11D3-BF4B-00C04F79EFBC}") = "lb2_spz", "lb2_spz\lb2_spz.csproj", "{77AD3500-B9E5-4437-9CA7-ACCE296AA5C7}"
EndProject
Global
	GlobalSection(SolutionConfigurationPlatforms) = preSolution
		Debug|Any CPU = Debug|Any CPU
		Release|Any CPU = Release|Any CPU
	EndGlobalSection
	GlobalSection(ProjectConfigurationPlatforms) = postSolution
		{77AD3500-B9E5-4437-9CA7-ACCE296AA5C7}.Debug|Any CPU.ActiveCfg = Debug|Any CPU
		{77AD3500-B9E5-4437-9CA7-ACCE296AA5C7}.Debug|Any CPU.Build.0 = Debug|Any CPU
		{77AD3500-B9E5-4437-9CA7-ACCE296AA5C7}.Release|Any CPU.ActiveCfg = Release|Any CPU
		{77AD3500-B9E5-4437-9CA7-ACCE296AA5C7}.Release|Any CPU.Build.0 = Release|Any CPU
	EndGlobalSection
	GlobalSection(SolutionProperties) = preSolution
		HideSolutionNode = FALSE
	EndGlobalSection
	GlobalSection(ExtensibilityGlobals) = postSolution
		SolutionGuid = {77A528E2-7EA7-415A-A1A9-F811A3103571}
	EndGlobalSection
EndGlobal
